
Microsoft Visual Studio Solution File, Format Version 12.00
Project("{FAE04EC0-301F-11D3-BF4B-00C04F79EFBC}") = "Api", "Api.csproj", "{04D83853-7328-4F7D-B47B-B8D6978AB1B7}"
EndProject
Global
	GlobalSection(SolutionConfigurationPlatforms) = preSolution
		Debug|Any CPU = Debug|Any CPU
		Release|Any CPU = Release|Any CPU
	EndGlobalSection
	GlobalSection(ProjectConfigurationPlatforms) = postSolution
		{04D83853-7328-4F7D-B47B-B8D6978AB1B7}.Debug|Any CPU.ActiveCfg = Debug|Any CPU
		{04D83853-7328-4F7D-B47B-B8D6978AB1B7}.Debug|Any CPU.Build.0 = Debug|Any CPU
		{04D83853-7328-4F7D-B47B-B8D6978AB1B7}.Release|Any CPU.ActiveCfg = Release|Any CPU
		{04D83853-7328-4F7D-B47B-B8D6978AB1B7}.Release|Any CPU.Build.0 = Release|Any CPU
	EndGlobalSection
EndGlobal
